PODS:
  - Flutter (1.0.0)
  - vertical_calendar (0.0.1):
    - Flutter

DEPENDENCIES:
  - Flutter (from `Flutter`)
  - vertical_calendar (from `.symlinks/plugins/vertical_calendar/ios`)

EXTERNAL SOURCES:
  Flutter:
    :path: Flutter
  vertical_calendar:
    :path: ".symlinks/plugins/vertical_calendar/ios"

SPEC CHECKSUMS:
  Flutter: 0e3d915762c693b495b44d77113d4970485de6ec
  vertical_calendar: 960cdd686160970d425892ea6a879a1730211acf

PODFILE CHECKSUM: aafe91acc616949ddb318b77800a7f51bffa2a4c

COCOAPODS: 1.9.3
